
Microsoft Visual Studio Solution File, Format Version 12.00
# Visual Studio Version 17
VisualStudioVersion = 17.5.002.0
MinimumVisualStudioVersion = 10.0.40219.1
Project("{2150E333-8FDC-42A3-9474-1A3956D46DE8}") = "sandbox", "sandbox", "{CF39CB37-3BA6-4F2D-A931-301A8555821F}"
EndProject
Project("{9A19103F-16F7-4668-BE54-9A1E7A4F7556}") = "sandbox_project", "sandbox\sandbox_project\sandbox_project.csproj", "{BC4D65FA-7A73-493E-962A-80020D506FF6}"
EndProject
Project("{2150E333-8FDC-42A3-9474-1A3956D46DE8}") = "week01", "week01", "{A6CDE68C-AC92-42D1-97A2-9A778CDF5554}"
EndProject
Project("{9A19103F-16F7-4668-BE54-9A1E7A4F7556}") = "analyze", "week01\analyze\analyze.csproj", "{ECF7B6CE-1C4F-4AC6-ABB9-D5C0D08C9C18}"
EndProject
Project("{9A19103F-16F7-4668-BE54-9A1E7A4F7556}") = "code", "week01\code\code.csproj", "{6880C5EE-75B8-4AF3-9D0B-B29602692123}"
EndProject
Project("{9A19103F-16F7-4668-BE54-9A1E7A4F7556}") = "teach", "week01\teach\teach.csproj", "{11138DB5-6D8C-41AD-BB5B-DED6132A55D9}"
EndProject
Project("{2150E333-8FDC-42A3-9474-1A3956D46DE8}") = "week02", "week02", "{8B9DDDC7-4AA1-4076-84A6-4C710A66DB89}"
EndProject
Project("{9A19103F-16F7-4668-BE54-9A1E7A4F7556}") = "analyze", "week02\analyze\analyze.csproj", "{D3051930-15E4-464F-B0D8-CAB36F634798}"
EndProject
Project("{9A19103F-16F7-4668-BE54-9A1E7A4F7556}") = "code", "week02\code\code.csproj", "{BB2E8068-8FA6-48F0-925C-973BC4E641BD}"
EndProject
Project("{9A19103F-16F7-4668-BE54-9A1E7A4F7556}") = "learn", "week02\learn\learn.csproj", "{48ECC7E9-FD0E-45C3-B7BA-76E4DAFF4848}"
EndProject
Project("{9A19103F-16F7-4668-BE54-9A1E7A4F7556}") = "teach", "week02\teach\teach.csproj", "{091B1DD2-780F-49FB-955E-7517212A57C3}"
EndProject
Project("{2150E333-8FDC-42A3-9474-1A3956D46DE8}") = "week03", "week03", "{3CE66802-EA79-43B4-9ADF-6827D1A84B99}"
EndProject
Project("{9A19103F-16F7-4668-BE54-9A1E7A4F7556}") = "code", "week03\code\code.csproj", "{80968CB6-B364-417C-B206-FAAB19DBBD05}"
EndProject
Project("{9A19103F-16F7-4668-BE54-9A1E7A4F7556}") = "learn", "week03\learn\learn.csproj", "{44314E57-E49E-4486-9F26-84D81DD4D079}"
EndProject
Project("{9A19103F-16F7-4668-BE54-9A1E7A4F7556}") = "teach", "week03\teach\teach.csproj", "{02B2488F-BF20-4F06-90CD-4DCB175BB378}"
EndProject
Project("{2150E333-8FDC-42A3-9474-1A3956D46DE8}") = "week04", "week04", "{8FB68CD4-0498-4A95-B010-7DD17C41DB4A}"
EndProject
Project("{9A19103F-16F7-4668-BE54-9A1E7A4F7556}") = "code", "week04\code\code.csproj", "{1C29D4F9-CD2F-48CB-8D00-33B3D2FC4047}"
EndProject
Project("{2150E333-8FDC-42A3-9474-1A3956D46DE8}") = "week05", "week05", "{2488B7A2-53A3-489B-8E6D-B9A2E7002293}"
EndProject
Project("{9A19103F-16F7-4668-BE54-9A1E7A4F7556}") = "code", "week05\code\code.csproj", "{C3A5F6BC-6389-4660-ACBE-C84094677329}"
EndProject
Project("{2150E333-8FDC-42A3-9474-1A3956D46DE8}") = "week06", "week06", "{4B9084C2-CF9D-4CC8-B70A-CE67156F579E}"
EndProject
Project("{9A19103F-16F7-4668-BE54-9A1E7A4F7556}") = "code", "week06\code\code.csproj", "{60BF23A5-B8D4-43A9-8D2D-74564338E207}"
EndProject
Global
	GlobalSection(SolutionConfigurationPlatforms) = preSolution
		Debug|Any CPU = Debug|Any CPU
		Release|Any CPU = Release|Any CPU
	EndGlobalSection
	GlobalSection(ProjectConfigurationPlatforms) = postSolution
		{BC4D65FA-7A73-493E-962A-80020D506FF6}.Debug|Any CPU.ActiveCfg = Debug|Any CPU
		{BC4D65FA-7A73-493E-962A-80020D506FF6}.Debug|Any CPU.Build.0 = Debug|Any CPU
		{BC4D65FA-7A73-493E-962A-80020D506FF6}.Release|Any CPU.ActiveCfg = Release|Any CPU
		{BC4D65FA-7A73-493E-962A-80020D506FF6}.Release|Any CPU.Build.0 = Release|Any CPU
		{ECF7B6CE-1C4F-4AC6-ABB9-D5C0D08C9C18}.Debug|Any CPU.ActiveCfg = Debug|Any CPU
		{ECF7B6CE-1C4F-4AC6-ABB9-D5C0D08C9C18}.Debug|Any CPU.Build.0 = Debug|Any CPU
		{ECF7B6CE-1C4F-4AC6-ABB9-D5C0D08C9C18}.Release|Any CPU.ActiveCfg = Release|Any CPU
		{ECF7B6CE-1C4F-4AC6-ABB9-D5C0D08C9C18}.Release|Any CPU.Build.0 = Release|Any CPU
		{6880C5EE-75B8-4AF3-9D0B-B29602692123}.Debug|Any CPU.ActiveCfg = Debug|Any CPU
		{6880C5EE-75B8-4AF3-9D0B-B29602692123}.Debug|Any CPU.Build.0 = Debug|Any CPU
		{6880C5EE-75B8-4AF3-9D0B-B29602692123}.Release|Any CPU.ActiveCfg = Release|Any CPU
		{6880C5EE-75B8-4AF3-9D0B-B29602692123}.Release|Any CPU.Build.0 = Release|Any CPU
		{11138DB5-6D8C-41AD-BB5B-DED6132A55D9}.Debug|Any CPU.ActiveCfg = Debug|Any CPU
		{11138DB5-6D8C-41AD-BB5B-DED6132A55D9}.Debug|Any CPU.Build.0 = Debug|Any CPU
		{11138DB5-6D8C-41AD-BB5B-DED6132A55D9}.Release|Any CPU.ActiveCfg = Release|Any CPU
		{11138DB5-6D8C-41AD-BB5B-DED6132A55D9}.Release|Any CPU.Build.0 = Release|Any CPU
		{D3051930-15E4-464F-B0D8-CAB36F634798}.Debug|Any CPU.ActiveCfg = Debug|Any CPU
		{D3051930-15E4-464F-B0D8-CAB36F634798}.Debug|Any CPU.Build.0 = Debug|Any CPU
		{D3051930-15E4-464F-B0D8-CAB36F634798}.Release|Any CPU.ActiveCfg = Release|Any CPU
		{D3051930-15E4-464F-B0D8-CAB36F634798}.Release|Any CPU.Build.0 = Release|Any CPU
		{BB2E8068-8FA6-48F0-925C-973BC4E641BD}.Debug|Any CPU.ActiveCfg = Debug|Any CPU
		{BB2E8068-8FA6-48F0-925C-973BC4E641BD}.Debug|Any CPU.Build.0 = Debug|Any CPU
		{BB2E8068-8FA6-48F0-925C-973BC4E641BD}.Release|Any CPU.ActiveCfg = Release|Any CPU
		{BB2E8068-8FA6-48F0-925C-973BC4E641BD}.Release|Any CPU.Build.0 = Release|Any CPU
		{48ECC7E9-FD0E-45C3-B7BA-76E4DAFF4848}.Debug|Any CPU.ActiveCfg = Debug|Any CPU
		{48ECC7E9-FD0E-45C3-B7BA-76E4DAFF4848}.Debug|Any CPU.Build.0 = Debug|Any CPU
		{48ECC7E9-FD0E-45C3-B7BA-76E4DAFF4848}.Release|Any CPU.ActiveCfg = Release|Any CPU
		{48ECC7E9-FD0E-45C3-B7BA-76E4DAFF4848}.Release|Any CPU.Build.0 = Release|Any CPU
		{091B1DD2-780F-49FB-955E-7517212A57C3}.Debug|Any CPU.ActiveCfg = Debug|Any CPU
		{091B1DD2-780F-49FB-955E-7517212A57C3}.Debug|Any CPU.Build.0 = Debug|Any CPU
		{091B1DD2-780F-49FB-955E-7517212A57C3}.Release|Any CPU.ActiveCfg = Release|Any CPU
		{091B1DD2-780F-49FB-955E-7517212A57C3}.Release|Any CPU.Build.0 = Release|Any CPU
		{80968CB6-B364-417C-B206-FAAB19DBBD05}.Debug|Any CPU.ActiveCfg = Debug|Any CPU
		{80968CB6-B364-417C-B206-FAAB19DBBD05}.Debug|Any CPU.Build.0 = Debug|Any CPU
		{80968CB6-B364-417C-B206-FAAB19DBBD05}.Release|Any CPU.ActiveCfg = Release|Any CPU
		{80968CB6-B364-417C-B206-FAAB19DBBD05}.Release|Any CPU.Build.0 = Release|Any CPU
		{44314E57-E49E-4486-9F26-84D81DD4D079}.Debug|Any CPU.ActiveCfg = Debug|Any CPU
		{44314E57-E49E-4486-9F26-84D81DD4D079}.Debug|Any CPU.Build.0 = Debug|Any CPU
		{44314E57-E49E-4486-9F26-84D81DD4D079}.Release|Any CPU.ActiveCfg = Release|Any CPU
		{44314E57-E49E-4486-9F26-84D81DD4D079}.Release|Any CPU.Build.0 = Release|Any CPU
		{02B2488F-BF20-4F06-90CD-4DCB175BB378}.Debug|Any CPU.ActiveCfg = Debug|Any CPU
		{02B2488F-BF20-4F06-90CD-4DCB175BB378}.Debug|Any CPU.Build.0 = Debug|Any CPU
		{02B2488F-BF20-4F06-90CD-4DCB175BB378}.Release|Any CPU.ActiveCfg = Release|Any CPU
		{02B2488F-BF20-4F06-90CD-4DCB175BB378}.Release|Any CPU.Build.0 = Release|Any CPU
		{1C29D4F9-CD2F-48CB-8D00-33B3D2FC4047}.Debug|Any CPU.ActiveCfg = Debug|Any CPU
		{1C29D4F9-CD2F-48CB-8D00-33B3D2FC4047}.Debug|Any CPU.Build.0 = Debug|Any CPU
		{1C29D4F9-CD2F-48CB-8D00-33B3D2FC4047}.Release|Any CPU.ActiveCfg = Release|Any CPU
		{1C29D4F9-CD2F-48CB-8D00-33B3D2FC4047}.Release|Any CPU.Build.0 = Release|Any CPU
		{C3A5F6BC-6389-4660-ACBE-C84094677329}.Debug|Any CPU.ActiveCfg = Debug|Any CPU
		{C3A5F6BC-6389-4660-ACBE-C84094677329}.Debug|Any CPU.Build.0 = Debug|Any CPU
		{C3A5F6BC-6389-4660-ACBE-C84094677329}.Release|Any CPU.ActiveCfg = Release|Any CPU
		{C3A5F6BC-6389-4660-ACBE-C84094677329}.Release|Any CPU.Build.0 = Release|Any CPU
		{60BF23A5-B8D4-43A9-8D2D-74564338E207}.Debug|Any CPU.ActiveCfg = Debug|Any CPU
		{60BF23A5-B8D4-43A9-8D2D-74564338E207}.Debug|Any CPU.Build.0 = Debug|Any CPU
		{60BF23A5-B8D4-43A9-8D2D-74564338E207}.Release|Any CPU.ActiveCfg = Release|Any CPU
		{60BF23A5-B8D4-43A9-8D2D-74564338E207}.Release|Any CPU.Build.0 = Release|Any CPU
	EndGlobalSection
	GlobalSection(SolutionProperties) = preSolution
		HideSolutionNode = FALSE
	EndGlobalSection
	GlobalSection(NestedProjects) = preSolution
		{BC4D65FA-7A73-493E-962A-80020D506FF6} = {CF39CB37-3BA6-4F2D-A931-301A8555821F}
		{ECF7B6CE-1C4F-4AC6-ABB9-D5C0D08C9C18} = {A6CDE68C-AC92-42D1-97A2-9A778CDF5554}
		{6880C5EE-75B8-4AF3-9D0B-B29602692123} = {A6CDE68C-AC92-42D1-97A2-9A778CDF5554}
		{11138DB5-6D8C-41AD-BB5B-DED6132A55D9} = {A6CDE68C-AC92-42D1-97A2-9A778CDF5554}
		{D3051930-15E4-464F-B0D8-CAB36F634798} = {8B9DDDC7-4AA1-4076-84A6-4C710A66DB89}
		{BB2E8068-8FA6-48F0-925C-973BC4E641BD} = {8B9DDDC7-4AA1-4076-84A6-4C710A66DB89}
		{48ECC7E9-FD0E-45C3-B7BA-76E4DAFF4848} = {8B9DDDC7-4AA1-4076-84A6-4C710A66DB89}
		{091B1DD2-780F-49FB-955E-7517212A57C3} = {8B9DDDC7-4AA1-4076-84A6-4C710A66DB89}
		{80968CB6-B364-417C-B206-FAAB19DBBD05} = {3CE66802-EA79-43B4-9ADF-6827D1A84B99}
		{44314E57-E49E-4486-9F26-84D81DD4D079} = {3CE66802-EA79-43B4-9ADF-6827D1A84B99}
		{02B2488F-BF20-4F06-90CD-4DCB175BB378} = {3CE66802-EA79-43B4-9ADF-6827D1A84B99}
		{1C29D4F9-CD2F-48CB-8D00-33B3D2FC4047} = {8FB68CD4-0498-4A95-B010-7DD17C41DB4A}
		{C3A5F6BC-6389-4660-ACBE-C84094677329} = {2488B7A2-53A3-489B-8E6D-B9A2E7002293}
		{60BF23A5-B8D4-43A9-8D2D-74564338E207} = {4B9084C2-CF9D-4CC8-B70A-CE67156F579E}
	EndGlobalSection
	GlobalSection(ExtensibilityGlobals) = postSolution
		SolutionGuid = {32E4A1F1-BB55-4BE5-BE84-67DE53755646}
	EndGlobalSection
EndGlobal
